
Microsoft Visual Studio Solution File, Format Version 12.00
# Visual Studio Version 16
VisualStudioVersion = 16.0.29123.88
MinimumVisualStudioVersion = 10.0.40219.1
Project("{FAE04EC0-301F-11D3-BF4B-00C04F79EFBC}") = "Giny.Core", "Giny.Core\Giny.Core.csproj", "{8AB2DC30-B9CC-4D45-8104-71B384BB5F57}"
EndProject
Project("{FAE04EC0-301F-11D3-BF4B-00C04F79EFBC}") = "Giny.IO", "Giny.IO\Giny.IO.csproj", "{125FA15D-C012-4AF3-8A65-F6A104A67FC1}"
EndProject
Project("{FAE04EC0-301F-11D3-BF4B-00C04F79EFBC}") = "Giny.Protocol", "Giny.Protocol\Giny.Protocol.csproj", "{1EEA4E95-4EEF-444E-B261-5CB8AFE90040}"
EndProject
Project("{FAE04EC0-301F-11D3-BF4B-00C04F79EFBC}") = "Giny.DatabaseSynchronizer", "Giny.DatabaseSynchronizer\Giny.DatabaseSynchronizer.csproj", "{9DCFE694-4694-4056-A34D-30027C53CAA2}"
EndProject
Project("{FAE04EC0-301F-11D3-BF4B-00C04F79EFBC}") = "Giny.ORM", "Giny.ORM\Giny.ORM.csproj", "{C6182B67-9D36-4E64-8BA9-9E186F818667}"
EndProject
Project("{FAE04EC0-301F-11D3-BF4B-00C04F79EFBC}") = "Giny.AS3", "Giny.AS3\Giny.AS3.csproj", "{FBFE4AC2-E7E3-4506-8A2E-630068A63586}"
EndProject
Project("{FAE04EC0-301F-11D3-BF4B-00C04F79EFBC}") = "Giny.ProtocolBuilder", "Giny.ProtocolBuilder\Giny.ProtocolBuilder.csproj", "{4E1FCF8A-0E9F-47D5-9AC1-B9FE70394F20}"
EndProject
Project("{FAE04EC0-301F-11D3-BF4B-00C04F79EFBC}") = "Giny.Auth", "Giny.Auth\Giny.Auth.csproj", "{ADF11A37-1012-4325-840F-F6645D4B418D}"
EndProject
Project("{FAE04EC0-301F-11D3-BF4B-00C04F79EFBC}") = "Giny.World", "Giny.World\Giny.World.csproj", "{3C81205A-634D-4AA9-B00A-5B31FAD1C5A3}"
EndProject
Project("{FAE04EC0-301F-11D3-BF4B-00C04F79EFBC}") = "Giny.Graphics", "Giny.Graphics\Giny.Graphics.csproj", "{2C244C11-C940-4A21-BAEF-7D1E18DFF67D}"
EndProject
Project("{FAE04EC0-301F-11D3-BF4B-00C04F79EFBC}") = "Giny.Tests", "Giny.Tests\Giny.Tests.csproj", "{26989DBB-7AF1-4015-B9FE-1C43D4328A0B}"
EndProject
Project("{FAE04EC0-301F-11D3-BF4B-00C04F79EFBC}") = "Giny.MapEditor", "Giny.MapEditor\Giny.MapEditor.csproj", "{C01DE82F-97D6-4D89-8635-CDE10BD387B9}"
EndProject
Project("{FAE04EC0-301F-11D3-BF4B-00C04F79EFBC}") = "Giny.SpellExplorer", "Giny.SpellExplorer\Giny.SpellExplorer.csproj", "{95CDDDBE-450F-4818-A299-D3327D82D16A}"
EndProject
Global
	GlobalSection(SolutionConfigurationPlatforms) = preSolution
		Debug|Any CPU = Debug|Any CPU
		Debug|x64 = Debug|x64
		Debug|x86 = Debug|x86
		Release|Any CPU = Release|Any CPU
		Release|x64 = Release|x64
		Release|x86 = Release|x86
	EndGlobalSection
	GlobalSection(ProjectConfigurationPlatforms) = postSolution
		{8AB2DC30-B9CC-4D45-8104-71B384BB5F57}.Debug|Any CPU.ActiveCfg = Debug|Any CPU
		{8AB2DC30-B9CC-4D45-8104-71B384BB5F57}.Debug|Any CPU.Build.0 = Debug|Any CPU
		{8AB2DC30-B9CC-4D45-8104-71B384BB5F57}.Debug|x64.ActiveCfg = Debug|Any CPU
		{8AB2DC30-B9CC-4D45-8104-71B384BB5F57}.Debug|x64.Build.0 = Debug|Any CPU
		{8AB2DC30-B9CC-4D45-8104-71B384BB5F57}.Debug|x86.ActiveCfg = Debug|Any CPU
		{8AB2DC30-B9CC-4D45-8104-71B384BB5F57}.Debug|x86.Build.0 = Debug|Any CPU
		{8AB2DC30-B9CC-4D45-8104-71B384BB5F57}.Release|Any CPU.ActiveCfg = Release|Any CPU
		{8AB2DC30-B9CC-4D45-8104-71B384BB5F57}.Release|Any CPU.Build.0 = Release|Any CPU
		{8AB2DC30-B9CC-4D45-8104-71B384BB5F57}.Release|x64.ActiveCfg = Release|Any CPU
		{8AB2DC30-B9CC-4D45-8104-71B384BB5F57}.Release|x64.Build.0 = Release|Any CPU
		{8AB2DC30-B9CC-4D45-8104-71B384BB5F57}.Release|x86.ActiveCfg = Release|Any CPU
		{8AB2DC30-B9CC-4D45-8104-71B384BB5F57}.Release|x86.Build.0 = Release|Any CPU
		{125FA15D-C012-4AF3-8A65-F6A104A67FC1}.Debug|Any CPU.ActiveCfg = Debug|Any CPU
		{125FA15D-C012-4AF3-8A65-F6A104A67FC1}.Debug|Any CPU.Build.0 = Debug|Any CPU
		{125FA15D-C012-4AF3-8A65-F6A104A67FC1}.Debug|x64.ActiveCfg = Debug|Any CPU
		{125FA15D-C012-4AF3-8A65-F6A104A67FC1}.Debug|x64.Build.0 = Debug|Any CPU
		{125FA15D-C012-4AF3-8A65-F6A104A67FC1}.Debug|x86.ActiveCfg = Debug|Any CPU
		{125FA15D-C012-4AF3-8A65-F6A104A67FC1}.Debug|x86.Build.0 = Debug|Any CPU
		{125FA15D-C012-4AF3-8A65-F6A104A67FC1}.Release|Any CPU.ActiveCfg = Release|Any CPU
		{125FA15D-C012-4AF3-8A65-F6A104A67FC1}.Release|Any CPU.Build.0 = Release|Any CPU
		{125FA15D-C012-4AF3-8A65-F6A104A67FC1}.Release|x64.ActiveCfg = Release|Any CPU
		{125FA15D-C012-4AF3-8A65-F6A104A67FC1}.Release|x64.Build.0 = Release|Any CPU
		{125FA15D-C012-4AF3-8A65-F6A104A67FC1}.Release|x86.ActiveCfg = Release|Any CPU
		{125FA15D-C012-4AF3-8A65-F6A104A67FC1}.Release|x86.Build.0 = Release|Any CPU
		{1EEA4E95-4EEF-444E-B261-5CB8AFE90040}.Debug|Any CPU.ActiveCfg = Debug|Any CPU
		{1EEA4E95-4EEF-444E-B261-5CB8AFE90040}.Debug|Any CPU.Build.0 = Debug|Any CPU
		{1EEA4E95-4EEF-444E-B261-5CB8AFE90040}.Debug|x64.ActiveCfg = Debug|Any CPU
		{1EEA4E95-4EEF-444E-B261-5CB8AFE90040}.Debug|x64.Build.0 = Debug|Any CPU
		{1EEA4E95-4EEF-444E-B261-5CB8AFE90040}.Debug|x86.ActiveCfg = Debug|Any CPU
		{1EEA4E95-4EEF-444E-B261-5CB8AFE90040}.Debug|x86.Build.0 = Debug|Any CPU
		{1EEA4E95-4EEF-444E-B261-5CB8AFE90040}.Release|Any CPU.ActiveCfg = Release|Any CPU
		{1EEA4E95-4EEF-444E-B261-5CB8AFE90040}.Release|Any CPU.Build.0 = Release|Any CPU
		{1EEA4E95-4EEF-444E-B261-5CB8AFE90040}.Release|x64.ActiveCfg = Release|Any CPU
		{1EEA4E95-4EEF-444E-B261-5CB8AFE90040}.Release|x64.Build.0 = Release|Any CPU
		{1EEA4E95-4EEF-444E-B261-5CB8AFE90040}.Release|x86.ActiveCfg = Release|Any CPU
		{1EEA4E95-4EEF-444E-B261-5CB8AFE90040}.Release|x86.Build.0 = Release|Any CPU
		{9DCFE694-4694-4056-A34D-30027C53CAA2}.Debug|Any CPU.ActiveCfg = Debug|Any CPU
		{9DCFE694-4694-4056-A34D-30027C53CAA2}.Debug|Any CPU.Build.0 = Debug|Any CPU
		{9DCFE694-4694-4056-A34D-30027C53CAA2}.Debug|x64.ActiveCfg = Debug|Any CPU
		{9DCFE694-4694-4056-A34D-30027C53CAA2}.Debug|x64.Build.0 = Debug|Any CPU
		{9DCFE694-4694-4056-A34D-30027C53CAA2}.Debug|x86.ActiveCfg = Debug|Any CPU
		{9DCFE694-4694-4056-A34D-30027C53CAA2}.Debug|x86.Build.0 = Debug|Any CPU
		{9DCFE694-4694-4056-A34D-30027C53CAA2}.Release|Any CPU.ActiveCfg = Release|Any CPU
		{9DCFE694-4694-4056-A34D-30027C53CAA2}.Release|Any CPU.Build.0 = Release|Any CPU
		{9DCFE694-4694-4056-A34D-30027C53CAA2}.Release|x64.ActiveCfg = Release|Any CPU
		{9DCFE694-4694-4056-A34D-30027C53CAA2}.Release|x64.Build.0 = Release|Any CPU
		{9DCFE694-4694-4056-A34D-30027C53CAA2}.Release|x86.ActiveCfg = Release|Any CPU
		{9DCFE694-4694-4056-A34D-30027C53CAA2}.Release|x86.Build.0 = Release|Any CPU
		{C6182B67-9D36-4E64-8BA9-9E186F818667}.Debug|Any CPU.ActiveCfg = Debug|Any CPU
		{C6182B67-9D36-4E64-8BA9-9E186F818667}.Debug|Any CPU.Build.0 = Debug|Any CPU
		{C6182B67-9D36-4E64-8BA9-9E186F818667}.Debug|x64.ActiveCfg = Debug|Any CPU
		{C6182B67-9D36-4E64-8BA9-9E186F818667}.Debug|x64.Build.0 = Debug|Any CPU
		{C6182B67-9D36-4E64-8BA9-9E186F818667}.Debug|x86.ActiveCfg = Debug|Any CPU
		{C6182B67-9D36-4E64-8BA9-9E186F818667}.Debug|x86.Build.0 = Debug|Any CPU
		{C6182B67-9D36-4E64-8BA9-9E186F818667}.Release|Any CPU.ActiveCfg = Release|Any CPU
		{C6182B67-9D36-4E64-8BA9-9E186F818667}.Release|Any CPU.Build.0 = Release|Any CPU
		{C6182B67-9D36-4E64-8BA9-9E186F818667}.Release|x64.ActiveCfg = Release|Any CPU
		{C6182B67-9D36-4E64-8BA9-9E186F818667}.Release|x64.Build.0 = Release|Any CPU
		{C6182B67-9D36-4E64-8BA9-9E186F818667}.Release|x86.ActiveCfg = Release|Any CPU
		{C6182B67-9D36-4E64-8BA9-9E186F818667}.Release|x86.Build.0 = Release|Any CPU
		{FBFE4AC2-E7E3-4506-8A2E-630068A63586}.Debug|Any CPU.ActiveCfg = Debug|Any CPU
		{FBFE4AC2-E7E3-4506-8A2E-630068A63586}.Debug|Any CPU.Build.0 = Debug|Any CPU
		{FBFE4AC2-E7E3-4506-8A2E-630068A63586}.Debug|x64.ActiveCfg = Debug|Any CPU
		{FBFE4AC2-E7E3-4506-8A2E-630068A63586}.Debug|x64.Build.0 = Debug|Any CPU
		{FBFE4AC2-E7E3-4506-8A2E-630068A63586}.Debug|x86.ActiveCfg = Debug|Any CPU
		{FBFE4AC2-E7E3-4506-8A2E-630068A63586}.Debug|x86.Build.0 = Debug|Any CPU
		{FBFE4AC2-E7E3-4506-8A2E-630068A63586}.Release|Any CPU.ActiveCfg = Release|Any CPU
		{FBFE4AC2-E7E3-4506-8A2E-630068A63586}.Release|Any CPU.Build.0 = Release|Any CPU
		{FBFE4AC2-E7E3-4506-8A2E-630068A63586}.Release|x64.ActiveCfg = Release|Any CPU
		{FBFE4AC2-E7E3-4506-8A2E-630068A63586}.Release|x64.Build.0 = Release|Any CPU
		{FBFE4AC2-E7E3-4506-8A2E-630068A63586}.Release|x86.ActiveCfg = Release|Any CPU
		{FBFE4AC2-E7E3-4506-8A2E-630068A63586}.Release|x86.Build.0 = Release|Any CPU
		{4E1FCF8A-0E9F-47D5-9AC1-B9FE70394F20}.Debug|Any CPU.ActiveCfg = Debug|Any CPU
		{4E1FCF8A-0E9F-47D5-9AC1-B9FE70394F20}.Debug|Any CPU.Build.0 = Debug|Any CPU
		{4E1FCF8A-0E9F-47D5-9AC1-B9FE70394F20}.Debug|x64.ActiveCfg = Debug|Any CPU
		{4E1FCF8A-0E9F-47D5-9AC1-B9FE70394F20}.Debug|x64.Build.0 = Debug|Any CPU
		{4E1FCF8A-0E9F-47D5-9AC1-B9FE70394F20}.Debug|x86.ActiveCfg = Debug|Any CPU
		{4E1FCF8A-0E9F-47D5-9AC1-B9FE70394F20}.Debug|x86.Build.0 = Debug|Any CPU
		{4E1FCF8A-0E9F-47D5-9AC1-B9FE70394F20}.Release|Any CPU.ActiveCfg = Release|Any CPU
		{4E1FCF8A-0E9F-47D5-9AC1-B9FE70394F20}.Release|Any CPU.Build.0 = Release|Any CPU
		{4E1FCF8A-0E9F-47D5-9AC1-B9FE70394F20}.Release|x64.ActiveCfg = Release|Any CPU
		{4E1FCF8A-0E9F-47D5-9AC1-B9FE70394F20}.Release|x64.Build.0 = Release|Any CPU
		{4E1FCF8A-0E9F-47D5-9AC1-B9FE70394F20}.Release|x86.ActiveCfg = Release|Any CPU
		{4E1FCF8A-0E9F-47D5-9AC1-B9FE70394F20}.Release|x86.Build.0 = Release|Any CPU
		{ADF11A37-1012-4325-840F-F6645D4B418D}.Debug|Any CPU.ActiveCfg = Debug|Any CPU
		{ADF11A37-1012-4325-840F-F6645D4B418D}.Debug|Any CPU.Build.0 = Debug|Any CPU
		{ADF11A37-1012-4325-840F-F6645D4B418D}.Debug|x64.ActiveCfg = Debug|Any CPU
		{ADF11A37-1012-4325-840F-F6645D4B418D}.Debug|x64.Build.0 = Debug|Any CPU
		{ADF11A37-1012-4325-840F-F6645D4B418D}.Debug|x86.ActiveCfg = Debug|Any CPU
		{ADF11A37-1012-4325-840F-F6645D4B418D}.Debug|x86.Build.0 = Debug|Any CPU
		{ADF11A37-1012-4325-840F-F6645D4B418D}.Release|Any CPU.ActiveCfg = Release|Any CPU
		{ADF11A37-1012-4325-840F-F6645D4B418D}.Release|Any CPU.Build.0 = Release|Any CPU
		{ADF11A37-1012-4325-840F-F6645D4B418D}.Release|x64.ActiveCfg = Release|Any CPU
		{ADF11A37-1012-4325-840F-F6645D4B418D}.Release|x64.Build.0 = Release|Any CPU
		{ADF11A37-1012-4325-840F-F6645D4B418D}.Release|x86.ActiveCfg = Release|Any CPU
		{ADF11A37-1012-4325-840F-F6645D4B418D}.Release|x86.Build.0 = Release|Any CPU
		{3C81205A-634D-4AA9-B00A-5B31FAD1C5A3}.Debug|Any CPU.ActiveCfg = Debug|Any CPU
		{3C81205A-634D-4AA9-B00A-5B31FAD1C5A3}.Debug|Any CPU.Build.0 = Debug|Any CPU
		{3C81205A-634D-4AA9-B00A-5B31FAD1C5A3}.Debug|x64.ActiveCfg = Debug|Any CPU
		{3C81205A-634D-4AA9-B00A-5B31FAD1C5A3}.Debug|x64.Build.0 = Debug|Any CPU
		{3C81205A-634D-4AA9-B00A-5B31FAD1C5A3}.Debug|x86.ActiveCfg = Debug|Any CPU
		{3C81205A-634D-4AA9-B00A-5B31FAD1C5A3}.Debug|x86.Build.0 = Debug|Any CPU
		{3C81205A-634D-4AA9-B00A-5B31FAD1C5A3}.Release|Any CPU.ActiveCfg = Release|Any CPU
		{3C81205A-634D-4AA9-B00A-5B31FAD1C5A3}.Release|Any CPU.Build.0 = Release|Any CPU
		{3C81205A-634D-4AA9-B00A-5B31FAD1C5A3}.Release|x64.ActiveCfg = Release|Any CPU
		{3C81205A-634D-4AA9-B00A-5B31FAD1C5A3}.Release|x64.Build.0 = Release|Any CPU
		{3C81205A-634D-4AA9-B00A-5B31FAD1C5A3}.Release|x86.ActiveCfg = Release|Any CPU
		{3C81205A-634D-4AA9-B00A-5B31FAD1C5A3}.Release|x86.Build.0 = Release|Any CPU
		{2C244C11-C940-4A21-BAEF-7D1E18DFF67D}.Debug|Any CPU.ActiveCfg = Debug|Any CPU
		{2C244C11-C940-4A21-BAEF-7D1E18DFF67D}.Debug|Any CPU.Build.0 = Debug|Any CPU
		{2C244C11-C940-4A21-BAEF-7D1E18DFF67D}.Debug|x64.ActiveCfg = Debug|Any CPU
		{2C244C11-C940-4A21-BAEF-7D1E18DFF67D}.Debug|x64.Build.0 = Debug|Any CPU
		{2C244C11-C940-4A21-BAEF-7D1E18DFF67D}.Debug|x86.ActiveCfg = Debug|Any CPU
		{2C244C11-C940-4A21-BAEF-7D1E18DFF67D}.Debug|x86.Build.0 = Debug|Any CPU
		{2C244C11-C940-4A21-BAEF-7D1E18DFF67D}.Release|Any CPU.ActiveCfg = Release|Any CPU
		{2C244C11-C940-4A21-BAEF-7D1E18DFF67D}.Release|Any CPU.Build.0 = Release|Any CPU
		{2C244C11-C940-4A21-BAEF-7D1E18DFF67D}.Release|x64.ActiveCfg = Release|Any CPU
		{2C244C11-C940-4A21-BAEF-7D1E18DFF67D}.Release|x64.Build.0 = Release|Any CPU
		{2C244C11-C940-4A21-BAEF-7D1E18DFF67D}.Release|x86.ActiveCfg = Release|Any CPU
		{2C244C11-C940-4A21-BAEF-7D1E18DFF67D}.Release|x86.Build.0 = Release|Any CPU
		{26989DBB-7AF1-4015-B9FE-1C43D4328A0B}.Debug|Any CPU.ActiveCfg = Debug|Any CPU
		{26989DBB-7AF1-4015-B9FE-1C43D4328A0B}.Debug|Any CPU.Build.0 = Debug|Any CPU
		{26989DBB-7AF1-4015-B9FE-1C43D4328A0B}.Debug|x64.ActiveCfg = Debug|Any CPU
		{26989DBB-7AF1-4015-B9FE-1C43D4328A0B}.Debug|x64.Build.0 = Debug|Any CPU
		{26989DBB-7AF1-4015-B9FE-1C43D4328A0B}.Debug|x86.ActiveCfg = Debug|Any CPU
		{26989DBB-7AF1-4015-B9FE-1C43D4328A0B}.Debug|x86.Build.0 = Debug|Any CPU
		{26989DBB-7AF1-4015-B9FE-1C43D4328A0B}.Release|Any CPU.ActiveCfg = Release|Any CPU
		{26989DBB-7AF1-4015-B9FE-1C43D4328A0B}.Release|Any CPU.Build.0 = Release|Any CPU
		{26989DBB-7AF1-4015-B9FE-1C43D4328A0B}.Release|x64.ActiveCfg = Release|Any CPU
		{26989DBB-7AF1-4015-B9FE-1C43D4328A0B}.Release|x64.Build.0 = Release|Any CPU
		{26989DBB-7AF1-4015-B9FE-1C43D4328A0B}.Release|x86.ActiveCfg = Release|Any CPU
		{26989DBB-7AF1-4015-B9FE-1C43D4328A0B}.Release|x86.Build.0 = Release|Any CPU
		{C01DE82F-97D6-4D89-8635-CDE10BD387B9}.Debug|Any CPU.ActiveCfg = Debug|Any CPU
		{C01DE82F-97D6-4D89-8635-CDE10BD387B9}.Debug|Any CPU.Build.0 = Debug|Any CPU
		{C01DE82F-97D6-4D89-8635-CDE10BD387B9}.Debug|x64.ActiveCfg = Debug|Any CPU
		{C01DE82F-97D6-4D89-8635-CDE10BD387B9}.Debug|x64.Build.0 = Debug|Any CPU
		{C01DE82F-97D6-4D89-8635-CDE10BD387B9}.Debug|x86.ActiveCfg = Debug|Any CPU
		{C01DE82F-97D6-4D89-8635-CDE10BD387B9}.Debug|x86.Build.0 = Debug|Any CPU
		{C01DE82F-97D6-4D89-8635-CDE10BD387B9}.Release|Any CPU.ActiveCfg = Release|Any CPU
		{C01DE82F-97D6-4D89-8635-CDE10BD387B9}.Release|Any CPU.Build.0 = Release|Any CPU
		{C01DE82F-97D6-4D89-8635-CDE10BD387B9}.Release|x64.ActiveCfg = Release|Any CPU
		{C01DE82F-97D6-4D89-8635-CDE10BD387B9}.Release|x64.Build.0 = Release|Any CPU
		{C01DE82F-97D6-4D89-8635-CDE10BD387B9}.Release|x86.ActiveCfg = Release|Any CPU
		{C01DE82F-97D6-4D89-8635-CDE10BD387B9}.Release|x86.Build.0 = Release|Any CPU
		{95CDDDBE-450F-4818-A299-D3327D82D16A}.Debug|Any CPU.ActiveCfg = Debug|Any CPU
		{95CDDDBE-450F-4818-A299-D3327D82D16A}.Debug|Any CPU.Build.0 = Debug|Any CPU
		{95CDDDBE-450F-4818-A299-D3327D82D16A}.Debug|x64.ActiveCfg = Debug|Any CPU
		{95CDDDBE-450F-4818-A299-D3327D82D16A}.Debug|x64.Build.0 = Debug|Any CPU
		{95CDDDBE-450F-4818-A299-D3327D82D16A}.Debug|x86.ActiveCfg = Debug|Any CPU
		{95CDDDBE-450F-4818-A299-D3327D82D16A}.Debug|x86.Build.0 = Debug|Any CPU
		{95CDDDBE-450F-4818-A299-D3327D82D16A}.Release|Any CPU.ActiveCfg = Release|Any CPU
		{95CDDDBE-450F-4818-A299-D3327D82D16A}.Release|Any CPU.Build.0 = Release|Any CPU
		{95CDDDBE-450F-4818-A299-D3327D82D16A}.Release|x64.ActiveCfg = Release|Any CPU
		{95CDDDBE-450F-4818-A299-D3327D82D16A}.Release|x64.Build.0 = Release|Any CPU
		{95CDDDBE-450F-4818-A299-D3327D82D16A}.Release|x86.ActiveCfg = Release|Any CPU
		{95CDDDBE-450F-4818-A299-D3327D82D16A}.Release|x86.Build.0 = Release|Any CPU
	EndGlobalSection
	GlobalSection(SolutionProperties) = preSolution
		HideSolutionNode = FALSE
	EndGlobalSection
	GlobalSection(ExtensibilityGlobals) = postSolution
		SolutionGuid = {AD6F6787-85F3-4C2B-952E-76A16DC27297}
	EndGlobalSection
EndGlobal
