
Microsoft Visual Studio Solution File, Format Version 12.00
# Visual Studio Version 16
VisualStudioVersion = 16.0.29123.88
MinimumVisualStudioVersion = 10.0.40219.1
Project("{FAE04EC0-301F-11D3-BF4B-00C04F79EFBC}") = "Giny.Core", "Giny.Core\Giny.Core.csproj", "{8AB2DC30-B9CC-4D45-8104-71B384BB5F57}"
EndProject
Project("{FAE04EC0-301F-11D3-BF4B-00C04F79EFBC}") = "Giny.IO", "Giny.IO\Giny.IO.csproj", "{125FA15D-C012-4AF3-8A65-F6A104A67FC1}"
EndProject
Project("{FAE04EC0-301F-11D3-BF4B-00C04F79EFBC}") = "Giny.Protocol", "Giny.Protocol\Giny.Protocol.csproj", "{1EEA4E95-4EEF-444E-B261-5CB8AFE90040}"
EndProject
Project("{FAE04EC0-301F-11D3-BF4B-00C04F79EFBC}") = "Giny.DatabaseSynchronizer", "Giny.DatabaseSynchronizer\Giny.DatabaseSynchronizer.csproj", "{9DCFE694-4694-4056-A34D-30027C53CAA2}"
EndProject
Project("{FAE04EC0-301F-11D3-BF4B-00C04F79EFBC}") = "Giny.ORM", "Giny.ORM\Giny.ORM.csproj", "{C6182B67-9D36-4E64-8BA9-9E186F818667}"
EndProject
Project("{FAE04EC0-301F-11D3-BF4B-00C04F79EFBC}") = "Giny.AS3", "Giny.AS3\Giny.AS3.csproj", "{FBFE4AC2-E7E3-4506-8A2E-630068A63586}"
EndProject
Project("{FAE04EC0-301F-11D3-BF4B-00C04F79EFBC}") = "Giny.ProtocolBuilder", "Giny.ProtocolBuilder\Giny.ProtocolBuilder.csproj", "{4E1FCF8A-0E9F-47D5-9AC1-B9FE70394F20}"
EndProject
Project("{FAE04EC0-301F-11D3-BF4B-00C04F79EFBC}") = "Giny.Auth", "Giny.Auth\Giny.Auth.csproj", "{ADF11A37-1012-4325-840F-F6645D4B418D}"
EndProject
Project("{FAE04EC0-301F-11D3-BF4B-00C04F79EFBC}") = "Giny.World", "Giny.World\Giny.World.csproj", "{3C81205A-634D-4AA9-B00A-5B31FAD1C5A3}"
EndProject
Project("{FAE04EC0-301F-11D3-BF4B-00C04F79EFBC}") = "Giny.Graphics", "Giny.Graphics\Giny.Graphics.csproj", "{2C244C11-C940-4A21-BAEF-7D1E18DFF67D}"
EndProject
Project("{FAE04EC0-301F-11D3-BF4B-00C04F79EFBC}") = "Giny.Tests", "Giny.Tests\Giny.Tests.csproj", "{26989DBB-7AF1-4015-B9FE-1C43D4328A0B}"
EndProject
Project("{FAE04EC0-301F-11D3-BF4B-00C04F79EFBC}") = "Giny.MapEditor", "Giny.MapEditor\Giny.MapEditor.csproj", "{C01DE82F-97D6-4D89-8635-CDE10BD387B9}"
EndProject
Project("{FAE04EC0-301F-11D3-BF4B-00C04F79EFBC}") = "Giny.SpellExplorer", "Giny.SpellExplorer\Giny.SpellExplorer.csproj", "{95CDDDBE-450F-4818-A299-D3327D82D16A}"
EndProject
Project("{2150E333-8FDC-42A3-9474-1A3956D46DE8}") = "Modules", "Modules", "{A1439FB4-D95D-4A82-A66F-B2AE4B15967D}"
EndProject
Project("{2150E333-8FDC-42A3-9474-1A3956D46DE8}") = "Tools", "Tools", "{909624E2-792C-45C4-8F19-FE59CADC046C}"
EndProject
Project("{FAE04EC0-301F-11D3-BF4B-00C04F79EFBC}") = "Giny.DatabasePatcher", "Modules\Giny.DatabasePatcher\Giny.DatabasePatcher.csproj", "{6182587B-E0F5-4B79-A2C0-7F6BD8541572}"
EndProject
Project("{FAE04EC0-301F-11D3-BF4B-00C04F79EFBC}") = "Giny.Pokefus", "Modules\Giny.World.Pokefus\Giny.Pokefus.csproj", "{DAA8D57F-B164-410D-A969-9D24FC2CDC97}"
EndProject
Project("{FAE04EC0-301F-11D3-BF4B-00C04F79EFBC}") = "Giny.D2P", "Giny.D2P\Giny.D2P.csproj", "{504468EB-C43F-410D-BD0C-DAC12EB6163B}"
EndProject
Project("{FAE04EC0-301F-11D3-BF4B-00C04F79EFBC}") = "Giny.Swl", "Giny.Swl\Giny.Swl.csproj", "{276526C0-E73E-44A1-81A6-D40125FE6824}"
EndProject
Project("{FAE04EC0-301F-11D3-BF4B-00C04F79EFBC}") = "Giny.Npcs", "Giny.Npcs\Giny.Npcs.csproj", "{8D121C26-818E-4402-AE64-8DD1245979B2}"
EndProject
Project("{FAE04EC0-301F-11D3-BF4B-00C04F79EFBC}") = "Giny.D2O", "Giny.D2O\Giny.D2O.csproj", "{FB1A0EF6-A0C4-4CA1-85EA-AF3643F1EFBC}"
EndProject
Global
	GlobalSection(SolutionConfigurationPlatforms) = preSolution
		Debug|Any CPU = Debug|Any CPU
		Debug|x64 = Debug|x64
		Debug|x86 = Debug|x86
		Release|Any CPU = Release|Any CPU
		Release|x64 = Release|x64
		Release|x86 = Release|x86
	EndGlobalSection
	GlobalSection(ProjectConfigurationPlatforms) = postSolution
		{8AB2DC30-B9CC-4D45-8104-71B384BB5F57}.Debug|Any CPU.ActiveCfg = Debug|Any CPU
		{8AB2DC30-B9CC-4D45-8104-71B384BB5F57}.Debug|Any CPU.Build.0 = Debug|Any CPU
		{8AB2DC30-B9CC-4D45-8104-71B384BB5F57}.Debug|x64.ActiveCfg = Debug|Any CPU
		{8AB2DC30-B9CC-4D45-8104-71B384BB5F57}.Debug|x64.Build.0 = Debug|Any CPU
		{8AB2DC30-B9CC-4D45-8104-71B384BB5F57}.Debug|x86.ActiveCfg = Debug|Any CPU
		{8AB2DC30-B9CC-4D45-8104-71B384BB5F57}.Debug|x86.Build.0 = Debug|Any CPU
		{8AB2DC30-B9CC-4D45-8104-71B384BB5F57}.Release|Any CPU.ActiveCfg = Release|Any CPU
		{8AB2DC30-B9CC-4D45-8104-71B384BB5F57}.Release|Any CPU.Build.0 = Release|Any CPU
		{8AB2DC30-B9CC-4D45-8104-71B384BB5F57}.Release|x64.ActiveCfg = Release|Any CPU
		{8AB2DC30-B9CC-4D45-8104-71B384BB5F57}.Release|x64.Build.0 = Release|Any CPU
		{8AB2DC30-B9CC-4D45-8104-71B384BB5F57}.Release|x86.ActiveCfg = Release|Any CPU
		{8AB2DC30-B9CC-4D45-8104-71B384BB5F57}.Release|x86.Build.0 = Release|Any CPU
		{125FA15D-C012-4AF3-8A65-F6A104A67FC1}.Debug|Any CPU.ActiveCfg = Debug|Any CPU
		{125FA15D-C012-4AF3-8A65-F6A104A67FC1}.Debug|Any CPU.Build.0 = Debug|Any CPU
		{125FA15D-C012-4AF3-8A65-F6A104A67FC1}.Debug|x64.ActiveCfg = Debug|Any CPU
		{125FA15D-C012-4AF3-8A65-F6A104A67FC1}.Debug|x64.Build.0 = Debug|Any CPU
		{125FA15D-C012-4AF3-8A65-F6A104A67FC1}.Debug|x86.ActiveCfg = Debug|Any CPU
		{125FA15D-C012-4AF3-8A65-F6A104A67FC1}.Debug|x86.Build.0 = Debug|Any CPU
		{125FA15D-C012-4AF3-8A65-F6A104A67FC1}.Release|Any CPU.ActiveCfg = Release|Any CPU
		{125FA15D-C012-4AF3-8A65-F6A104A67FC1}.Release|Any CPU.Build.0 = Release|Any CPU
		{125FA15D-C012-4AF3-8A65-F6A104A67FC1}.Release|x64.ActiveCfg = Release|Any CPU
		{125FA15D-C012-4AF3-8A65-F6A104A67FC1}.Release|x64.Build.0 = Release|Any CPU
		{125FA15D-C012-4AF3-8A65-F6A104A67FC1}.Release|x86.ActiveCfg = Release|Any CPU
		{125FA15D-C012-4AF3-8A65-F6A104A67FC1}.Release|x86.Build.0 = Release|Any CPU
		{1EEA4E95-4EEF-444E-B261-5CB8AFE90040}.Debug|Any CPU.ActiveCfg = Debug|Any CPU
		{1EEA4E95-4EEF-444E-B261-5CB8AFE90040}.Debug|Any CPU.Build.0 = Debug|Any CPU
		{1EEA4E95-4EEF-444E-B261-5CB8AFE90040}.Debug|x64.ActiveCfg = Debug|Any CPU
		{1EEA4E95-4EEF-444E-B261-5CB8AFE90040}.Debug|x64.Build.0 = Debug|Any CPU
		{1EEA4E95-4EEF-444E-B261-5CB8AFE90040}.Debug|x86.ActiveCfg = Debug|Any CPU
		{1EEA4E95-4EEF-444E-B261-5CB8AFE90040}.Debug|x86.Build.0 = Debug|Any CPU
		{1EEA4E95-4EEF-444E-B261-5CB8AFE90040}.Release|Any CPU.ActiveCfg = Release|Any CPU
		{1EEA4E95-4EEF-444E-B261-5CB8AFE90040}.Release|Any CPU.Build.0 = Release|Any CPU
		{1EEA4E95-4EEF-444E-B261-5CB8AFE90040}.Release|x64.ActiveCfg = Release|Any CPU
		{1EEA4E95-4EEF-444E-B261-5CB8AFE90040}.Release|x64.Build.0 = Release|Any CPU
		{1EEA4E95-4EEF-444E-B261-5CB8AFE90040}.Release|x86.ActiveCfg = Release|Any CPU
		{1EEA4E95-4EEF-444E-B261-5CB8AFE90040}.Release|x86.Build.0 = Release|Any CPU
		{9DCFE694-4694-4056-A34D-30027C53CAA2}.Debug|Any CPU.ActiveCfg = Debug|Any CPU
		{9DCFE694-4694-4056-A34D-30027C53CAA2}.Debug|Any CPU.Build.0 = Debug|Any CPU
		{9DCFE694-4694-4056-A34D-30027C53CAA2}.Debug|x64.ActiveCfg = Debug|Any CPU
		{9DCFE694-4694-4056-A34D-30027C53CAA2}.Debug|x64.Build.0 = Debug|Any CPU
		{9DCFE694-4694-4056-A34D-30027C53CAA2}.Debug|x86.ActiveCfg = Debug|Any CPU
		{9DCFE694-4694-4056-A34D-30027C53CAA2}.Debug|x86.Build.0 = Debug|Any CPU
		{9DCFE694-4694-4056-A34D-30027C53CAA2}.Release|Any CPU.ActiveCfg = Release|Any CPU
		{9DCFE694-4694-4056-A34D-30027C53CAA2}.Release|Any CPU.Build.0 = Release|Any CPU
		{9DCFE694-4694-4056-A34D-30027C53CAA2}.Release|x64.ActiveCfg = Release|Any CPU
		{9DCFE694-4694-4056-A34D-30027C53CAA2}.Release|x64.Build.0 = Release|Any CPU
		{9DCFE694-4694-4056-A34D-30027C53CAA2}.Release|x86.ActiveCfg = Release|Any CPU
		{9DCFE694-4694-4056-A34D-30027C53CAA2}.Release|x86.Build.0 = Release|Any CPU
		{C6182B67-9D36-4E64-8BA9-9E186F818667}.Debug|Any CPU.ActiveCfg = Debug|Any CPU
		{C6182B67-9D36-4E64-8BA9-9E186F818667}.Debug|Any CPU.Build.0 = Debug|Any CPU
		{C6182B67-9D36-4E64-8BA9-9E186F818667}.Debug|x64.ActiveCfg = Debug|Any CPU
		{C6182B67-9D36-4E64-8BA9-9E186F818667}.Debug|x64.Build.0 = Debug|Any CPU
		{C6182B67-9D36-4E64-8BA9-9E186F818667}.Debug|x86.ActiveCfg = Debug|Any CPU
		{C6182B67-9D36-4E64-8BA9-9E186F818667}.Debug|x86.Build.0 = Debug|Any CPU
		{C6182B67-9D36-4E64-8BA9-9E186F818667}.Release|Any CPU.ActiveCfg = Release|Any CPU
		{C6182B67-9D36-4E64-8BA9-9E186F818667}.Release|Any CPU.Build.0 = Release|Any CPU
		{C6182B67-9D36-4E64-8BA9-9E186F818667}.Release|x64.ActiveCfg = Release|Any CPU
		{C6182B67-9D36-4E64-8BA9-9E186F818667}.Release|x64.Build.0 = Release|Any CPU
		{C6182B67-9D36-4E64-8BA9-9E186F818667}.Release|x86.ActiveCfg = Release|Any CPU
		{C6182B67-9D36-4E64-8BA9-9E186F818667}.Release|x86.Build.0 = Release|Any CPU
		{FBFE4AC2-E7E3-4506-8A2E-630068A63586}.Debug|Any CPU.ActiveCfg = Debug|Any CPU
		{FBFE4AC2-E7E3-4506-8A2E-630068A63586}.Debug|Any CPU.Build.0 = Debug|Any CPU
		{FBFE4AC2-E7E3-4506-8A2E-630068A63586}.Debug|x64.ActiveCfg = Debug|Any CPU
		{FBFE4AC2-E7E3-4506-8A2E-630068A63586}.Debug|x64.Build.0 = Debug|Any CPU
		{FBFE4AC2-E7E3-4506-8A2E-630068A63586}.Debug|x86.ActiveCfg = Debug|Any CPU
		{FBFE4AC2-E7E3-4506-8A2E-630068A63586}.Debug|x86.Build.0 = Debug|Any CPU
		{FBFE4AC2-E7E3-4506-8A2E-630068A63586}.Release|Any CPU.ActiveCfg = Release|Any CPU
		{FBFE4AC2-E7E3-4506-8A2E-630068A63586}.Release|Any CPU.Build.0 = Release|Any CPU
		{FBFE4AC2-E7E3-4506-8A2E-630068A63586}.Release|x64.ActiveCfg = Release|Any CPU
		{FBFE4AC2-E7E3-4506-8A2E-630068A63586}.Release|x64.Build.0 = Release|Any CPU
		{FBFE4AC2-E7E3-4506-8A2E-630068A63586}.Release|x86.ActiveCfg = Release|Any CPU
		{FBFE4AC2-E7E3-4506-8A2E-630068A63586}.Release|x86.Build.0 = Release|Any CPU
		{4E1FCF8A-0E9F-47D5-9AC1-B9FE70394F20}.Debug|Any CPU.ActiveCfg = Debug|Any CPU
		{4E1FCF8A-0E9F-47D5-9AC1-B9FE70394F20}.Debug|Any CPU.Build.0 = Debug|Any CPU
		{4E1FCF8A-0E9F-47D5-9AC1-B9FE70394F20}.Debug|x64.ActiveCfg = Debug|Any CPU
		{4E1FCF8A-0E9F-47D5-9AC1-B9FE70394F20}.Debug|x64.Build.0 = Debug|Any CPU
		{4E1FCF8A-0E9F-47D5-9AC1-B9FE70394F20}.Debug|x86.ActiveCfg = Debug|Any CPU
		{4E1FCF8A-0E9F-47D5-9AC1-B9FE70394F20}.Debug|x86.Build.0 = Debug|Any CPU
		{4E1FCF8A-0E9F-47D5-9AC1-B9FE70394F20}.Release|Any CPU.ActiveCfg = Release|Any CPU
		{4E1FCF8A-0E9F-47D5-9AC1-B9FE70394F20}.Release|Any CPU.Build.0 = Release|Any CPU
		{4E1FCF8A-0E9F-47D5-9AC1-B9FE70394F20}.Release|x64.ActiveCfg = Release|Any CPU
		{4E1FCF8A-0E9F-47D5-9AC1-B9FE70394F20}.Release|x64.Build.0 = Release|Any CPU
		{4E1FCF8A-0E9F-47D5-9AC1-B9FE70394F20}.Release|x86.ActiveCfg = Release|Any CPU
		{4E1FCF8A-0E9F-47D5-9AC1-B9FE70394F20}.Release|x86.Build.0 = Release|Any CPU
		{ADF11A37-1012-4325-840F-F6645D4B418D}.Debug|Any CPU.ActiveCfg = Debug|Any CPU
		{ADF11A37-1012-4325-840F-F6645D4B418D}.Debug|Any CPU.Build.0 = Debug|Any CPU
		{ADF11A37-1012-4325-840F-F6645D4B418D}.Debug|x64.ActiveCfg = Debug|Any CPU
		{ADF11A37-1012-4325-840F-F6645D4B418D}.Debug|x64.Build.0 = Debug|Any CPU
		{ADF11A37-1012-4325-840F-F6645D4B418D}.Debug|x86.ActiveCfg = Debug|Any CPU
		{ADF11A37-1012-4325-840F-F6645D4B418D}.Debug|x86.Build.0 = Debug|Any CPU
		{ADF11A37-1012-4325-840F-F6645D4B418D}.Release|Any CPU.ActiveCfg = Release|Any CPU
		{ADF11A37-1012-4325-840F-F6645D4B418D}.Release|Any CPU.Build.0 = Release|Any CPU
		{ADF11A37-1012-4325-840F-F6645D4B418D}.Release|x64.ActiveCfg = Release|Any CPU
		{ADF11A37-1012-4325-840F-F6645D4B418D}.Release|x64.Build.0 = Release|Any CPU
		{ADF11A37-1012-4325-840F-F6645D4B418D}.Release|x86.ActiveCfg = Release|Any CPU
		{ADF11A37-1012-4325-840F-F6645D4B418D}.Release|x86.Build.0 = Release|Any CPU
		{3C81205A-634D-4AA9-B00A-5B31FAD1C5A3}.Debug|Any CPU.ActiveCfg = Debug|Any CPU
		{3C81205A-634D-4AA9-B00A-5B31FAD1C5A3}.Debug|Any CPU.Build.0 = Debug|Any CPU
		{3C81205A-634D-4AA9-B00A-5B31FAD1C5A3}.Debug|x64.ActiveCfg = Debug|Any CPU
		{3C81205A-634D-4AA9-B00A-5B31FAD1C5A3}.Debug|x64.Build.0 = Debug|Any CPU
		{3C81205A-634D-4AA9-B00A-5B31FAD1C5A3}.Debug|x86.ActiveCfg = Debug|Any CPU
		{3C81205A-634D-4AA9-B00A-5B31FAD1C5A3}.Debug|x86.Build.0 = Debug|Any CPU
		{3C81205A-634D-4AA9-B00A-5B31FAD1C5A3}.Release|Any CPU.ActiveCfg = Release|Any CPU
		{3C81205A-634D-4AA9-B00A-5B31FAD1C5A3}.Release|Any CPU.Build.0 = Release|Any CPU
		{3C81205A-634D-4AA9-B00A-5B31FAD1C5A3}.Release|x64.ActiveCfg = Release|Any CPU
		{3C81205A-634D-4AA9-B00A-5B31FAD1C5A3}.Release|x64.Build.0 = Release|Any CPU
		{3C81205A-634D-4AA9-B00A-5B31FAD1C5A3}.Release|x86.ActiveCfg = Release|Any CPU
		{3C81205A-634D-4AA9-B00A-5B31FAD1C5A3}.Release|x86.Build.0 = Release|Any CPU
		{2C244C11-C940-4A21-BAEF-7D1E18DFF67D}.Debug|Any CPU.ActiveCfg = Debug|Any CPU
		{2C244C11-C940-4A21-BAEF-7D1E18DFF67D}.Debug|Any CPU.Build.0 = Debug|Any CPU
		{2C244C11-C940-4A21-BAEF-7D1E18DFF67D}.Debug|x64.ActiveCfg = Debug|Any CPU
		{2C244C11-C940-4A21-BAEF-7D1E18DFF67D}.Debug|x64.Build.0 = Debug|Any CPU
		{2C244C11-C940-4A21-BAEF-7D1E18DFF67D}.Debug|x86.ActiveCfg = Debug|Any CPU
		{2C244C11-C940-4A21-BAEF-7D1E18DFF67D}.Debug|x86.Build.0 = Debug|Any CPU
		{2C244C11-C940-4A21-BAEF-7D1E18DFF67D}.Release|Any CPU.ActiveCfg = Release|Any CPU
		{2C244C11-C940-4A21-BAEF-7D1E18DFF67D}.Release|Any CPU.Build.0 = Release|Any CPU
		{2C244C11-C940-4A21-BAEF-7D1E18DFF67D}.Release|x64.ActiveCfg = Release|Any CPU
		{2C244C11-C940-4A21-BAEF-7D1E18DFF67D}.Release|x64.Build.0 = Release|Any CPU
		{2C244C11-C940-4A21-BAEF-7D1E18DFF67D}.Release|x86.ActiveCfg = Release|Any CPU
		{2C244C11-C940-4A21-BAEF-7D1E18DFF67D}.Release|x86.Build.0 = Release|Any CPU
		{26989DBB-7AF1-4015-B9FE-1C43D4328A0B}.Debug|Any CPU.ActiveCfg = Debug|Any CPU
		{26989DBB-7AF1-4015-B9FE-1C43D4328A0B}.Debug|Any CPU.Build.0 = Debug|Any CPU
		{26989DBB-7AF1-4015-B9FE-1C43D4328A0B}.Debug|x64.ActiveCfg = Debug|Any CPU
		{26989DBB-7AF1-4015-B9FE-1C43D4328A0B}.Debug|x64.Build.0 = Debug|Any CPU
		{26989DBB-7AF1-4015-B9FE-1C43D4328A0B}.Debug|x86.ActiveCfg = Debug|Any CPU
		{26989DBB-7AF1-4015-B9FE-1C43D4328A0B}.Debug|x86.Build.0 = Debug|Any CPU
		{26989DBB-7AF1-4015-B9FE-1C43D4328A0B}.Release|Any CPU.ActiveCfg = Release|Any CPU
		{26989DBB-7AF1-4015-B9FE-1C43D4328A0B}.Release|Any CPU.Build.0 = Release|Any CPU
		{26989DBB-7AF1-4015-B9FE-1C43D4328A0B}.Release|x64.ActiveCfg = Release|Any CPU
		{26989DBB-7AF1-4015-B9FE-1C43D4328A0B}.Release|x64.Build.0 = Release|Any CPU
		{26989DBB-7AF1-4015-B9FE-1C43D4328A0B}.Release|x86.ActiveCfg = Release|Any CPU
		{26989DBB-7AF1-4015-B9FE-1C43D4328A0B}.Release|x86.Build.0 = Release|Any CPU
		{C01DE82F-97D6-4D89-8635-CDE10BD387B9}.Debug|Any CPU.ActiveCfg = Debug|Any CPU
		{C01DE82F-97D6-4D89-8635-CDE10BD387B9}.Debug|Any CPU.Build.0 = Debug|Any CPU
		{C01DE82F-97D6-4D89-8635-CDE10BD387B9}.Debug|x64.ActiveCfg = Debug|Any CPU
		{C01DE82F-97D6-4D89-8635-CDE10BD387B9}.Debug|x64.Build.0 = Debug|Any CPU
		{C01DE82F-97D6-4D89-8635-CDE10BD387B9}.Debug|x86.ActiveCfg = Debug|Any CPU
		{C01DE82F-97D6-4D89-8635-CDE10BD387B9}.Debug|x86.Build.0 = Debug|Any CPU
		{C01DE82F-97D6-4D89-8635-CDE10BD387B9}.Release|Any CPU.ActiveCfg = Release|Any CPU
		{C01DE82F-97D6-4D89-8635-CDE10BD387B9}.Release|Any CPU.Build.0 = Release|Any CPU
		{C01DE82F-97D6-4D89-8635-CDE10BD387B9}.Release|x64.ActiveCfg = Release|Any CPU
		{C01DE82F-97D6-4D89-8635-CDE10BD387B9}.Release|x64.Build.0 = Release|Any CPU
		{C01DE82F-97D6-4D89-8635-CDE10BD387B9}.Release|x86.ActiveCfg = Release|Any CPU
		{C01DE82F-97D6-4D89-8635-CDE10BD387B9}.Release|x86.Build.0 = Release|Any CPU
		{95CDDDBE-450F-4818-A299-D3327D82D16A}.Debug|Any CPU.ActiveCfg = Debug|Any CPU
		{95CDDDBE-450F-4818-A299-D3327D82D16A}.Debug|Any CPU.Build.0 = Debug|Any CPU
		{95CDDDBE-450F-4818-A299-D3327D82D16A}.Debug|x64.ActiveCfg = Debug|Any CPU
		{95CDDDBE-450F-4818-A299-D3327D82D16A}.Debug|x64.Build.0 = Debug|Any CPU
		{95CDDDBE-450F-4818-A299-D3327D82D16A}.Debug|x86.ActiveCfg = Debug|Any CPU
		{95CDDDBE-450F-4818-A299-D3327D82D16A}.Debug|x86.Build.0 = Debug|Any CPU
		{95CDDDBE-450F-4818-A299-D3327D82D16A}.Release|Any CPU.ActiveCfg = Release|Any CPU
		{95CDDDBE-450F-4818-A299-D3327D82D16A}.Release|Any CPU.Build.0 = Release|Any CPU
		{95CDDDBE-450F-4818-A299-D3327D82D16A}.Release|x64.ActiveCfg = Release|Any CPU
		{95CDDDBE-450F-4818-A299-D3327D82D16A}.Release|x64.Build.0 = Release|Any CPU
		{95CDDDBE-450F-4818-A299-D3327D82D16A}.Release|x86.ActiveCfg = Release|Any CPU
		{95CDDDBE-450F-4818-A299-D3327D82D16A}.Release|x86.Build.0 = Release|Any CPU
		{6182587B-E0F5-4B79-A2C0-7F6BD8541572}.Debug|Any CPU.ActiveCfg = Debug|Any CPU
		{6182587B-E0F5-4B79-A2C0-7F6BD8541572}.Debug|Any CPU.Build.0 = Debug|Any CPU
		{6182587B-E0F5-4B79-A2C0-7F6BD8541572}.Debug|x64.ActiveCfg = Debug|Any CPU
		{6182587B-E0F5-4B79-A2C0-7F6BD8541572}.Debug|x64.Build.0 = Debug|Any CPU
		{6182587B-E0F5-4B79-A2C0-7F6BD8541572}.Debug|x86.ActiveCfg = Debug|Any CPU
		{6182587B-E0F5-4B79-A2C0-7F6BD8541572}.Debug|x86.Build.0 = Debug|Any CPU
		{6182587B-E0F5-4B79-A2C0-7F6BD8541572}.Release|Any CPU.ActiveCfg = Release|Any CPU
		{6182587B-E0F5-4B79-A2C0-7F6BD8541572}.Release|Any CPU.Build.0 = Release|Any CPU
		{6182587B-E0F5-4B79-A2C0-7F6BD8541572}.Release|x64.ActiveCfg = Release|Any CPU
		{6182587B-E0F5-4B79-A2C0-7F6BD8541572}.Release|x64.Build.0 = Release|Any CPU
		{6182587B-E0F5-4B79-A2C0-7F6BD8541572}.Release|x86.ActiveCfg = Release|Any CPU
		{6182587B-E0F5-4B79-A2C0-7F6BD8541572}.Release|x86.Build.0 = Release|Any CPU
		{DAA8D57F-B164-410D-A969-9D24FC2CDC97}.Debug|Any CPU.ActiveCfg = Debug|Any CPU
		{DAA8D57F-B164-410D-A969-9D24FC2CDC97}.Debug|Any CPU.Build.0 = Debug|Any CPU
		{DAA8D57F-B164-410D-A969-9D24FC2CDC97}.Debug|x64.ActiveCfg = Debug|Any CPU
		{DAA8D57F-B164-410D-A969-9D24FC2CDC97}.Debug|x64.Build.0 = Debug|Any CPU
		{DAA8D57F-B164-410D-A969-9D24FC2CDC97}.Debug|x86.ActiveCfg = Debug|Any CPU
		{DAA8D57F-B164-410D-A969-9D24FC2CDC97}.Debug|x86.Build.0 = Debug|Any CPU
		{DAA8D57F-B164-410D-A969-9D24FC2CDC97}.Release|Any CPU.ActiveCfg = Release|Any CPU
		{DAA8D57F-B164-410D-A969-9D24FC2CDC97}.Release|Any CPU.Build.0 = Release|Any CPU
		{DAA8D57F-B164-410D-A969-9D24FC2CDC97}.Release|x64.ActiveCfg = Release|Any CPU
		{DAA8D57F-B164-410D-A969-9D24FC2CDC97}.Release|x64.Build.0 = Release|Any CPU
		{DAA8D57F-B164-410D-A969-9D24FC2CDC97}.Release|x86.ActiveCfg = Release|Any CPU
		{DAA8D57F-B164-410D-A969-9D24FC2CDC97}.Release|x86.Build.0 = Release|Any CPU
		{504468EB-C43F-410D-BD0C-DAC12EB6163B}.Debug|Any CPU.ActiveCfg = Debug|Any CPU
		{504468EB-C43F-410D-BD0C-DAC12EB6163B}.Debug|Any CPU.Build.0 = Debug|Any CPU
		{504468EB-C43F-410D-BD0C-DAC12EB6163B}.Debug|x64.ActiveCfg = Debug|Any CPU
		{504468EB-C43F-410D-BD0C-DAC12EB6163B}.Debug|x64.Build.0 = Debug|Any CPU
		{504468EB-C43F-410D-BD0C-DAC12EB6163B}.Debug|x86.ActiveCfg = Debug|Any CPU
		{504468EB-C43F-410D-BD0C-DAC12EB6163B}.Debug|x86.Build.0 = Debug|Any CPU
		{504468EB-C43F-410D-BD0C-DAC12EB6163B}.Release|Any CPU.ActiveCfg = Release|Any CPU
		{504468EB-C43F-410D-BD0C-DAC12EB6163B}.Release|Any CPU.Build.0 = Release|Any CPU
		{504468EB-C43F-410D-BD0C-DAC12EB6163B}.Release|x64.ActiveCfg = Release|Any CPU
		{504468EB-C43F-410D-BD0C-DAC12EB6163B}.Release|x64.Build.0 = Release|Any CPU
		{504468EB-C43F-410D-BD0C-DAC12EB6163B}.Release|x86.ActiveCfg = Release|Any CPU
		{504468EB-C43F-410D-BD0C-DAC12EB6163B}.Release|x86.Build.0 = Release|Any CPU
		{276526C0-E73E-44A1-81A6-D40125FE6824}.Debug|Any CPU.ActiveCfg = Debug|Any CPU
		{276526C0-E73E-44A1-81A6-D40125FE6824}.Debug|Any CPU.Build.0 = Debug|Any CPU
		{276526C0-E73E-44A1-81A6-D40125FE6824}.Debug|x64.ActiveCfg = Debug|Any CPU
		{276526C0-E73E-44A1-81A6-D40125FE6824}.Debug|x64.Build.0 = Debug|Any CPU
		{276526C0-E73E-44A1-81A6-D40125FE6824}.Debug|x86.ActiveCfg = Debug|Any CPU
		{276526C0-E73E-44A1-81A6-D40125FE6824}.Debug|x86.Build.0 = Debug|Any CPU
		{276526C0-E73E-44A1-81A6-D40125FE6824}.Release|Any CPU.ActiveCfg = Release|Any CPU
		{276526C0-E73E-44A1-81A6-D40125FE6824}.Release|Any CPU.Build.0 = Release|Any CPU
		{276526C0-E73E-44A1-81A6-D40125FE6824}.Release|x64.ActiveCfg = Release|Any CPU
		{276526C0-E73E-44A1-81A6-D40125FE6824}.Release|x64.Build.0 = Release|Any CPU
		{276526C0-E73E-44A1-81A6-D40125FE6824}.Release|x86.ActiveCfg = Release|Any CPU
		{276526C0-E73E-44A1-81A6-D40125FE6824}.Release|x86.Build.0 = Release|Any CPU
		{8D121C26-818E-4402-AE64-8DD1245979B2}.Debug|Any CPU.ActiveCfg = Debug|Any CPU
		{8D121C26-818E-4402-AE64-8DD1245979B2}.Debug|Any CPU.Build.0 = Debug|Any CPU
		{8D121C26-818E-4402-AE64-8DD1245979B2}.Debug|x64.ActiveCfg = Debug|Any CPU
		{8D121C26-818E-4402-AE64-8DD1245979B2}.Debug|x64.Build.0 = Debug|Any CPU
		{8D121C26-818E-4402-AE64-8DD1245979B2}.Debug|x86.ActiveCfg = Debug|Any CPU
		{8D121C26-818E-4402-AE64-8DD1245979B2}.Debug|x86.Build.0 = Debug|Any CPU
		{8D121C26-818E-4402-AE64-8DD1245979B2}.Release|Any CPU.ActiveCfg = Release|Any CPU
		{8D121C26-818E-4402-AE64-8DD1245979B2}.Release|Any CPU.Build.0 = Release|Any CPU
		{8D121C26-818E-4402-AE64-8DD1245979B2}.Release|x64.ActiveCfg = Release|Any CPU
		{8D121C26-818E-4402-AE64-8DD1245979B2}.Release|x64.Build.0 = Release|Any CPU
		{8D121C26-818E-4402-AE64-8DD1245979B2}.Release|x86.ActiveCfg = Release|Any CPU
		{8D121C26-818E-4402-AE64-8DD1245979B2}.Release|x86.Build.0 = Release|Any CPU
		{FB1A0EF6-A0C4-4CA1-85EA-AF3643F1EFBC}.Debug|Any CPU.ActiveCfg = Debug|Any CPU
		{FB1A0EF6-A0C4-4CA1-85EA-AF3643F1EFBC}.Debug|Any CPU.Build.0 = Debug|Any CPU
		{FB1A0EF6-A0C4-4CA1-85EA-AF3643F1EFBC}.Debug|x64.ActiveCfg = Debug|Any CPU
		{FB1A0EF6-A0C4-4CA1-85EA-AF3643F1EFBC}.Debug|x64.Build.0 = Debug|Any CPU
		{FB1A0EF6-A0C4-4CA1-85EA-AF3643F1EFBC}.Debug|x86.ActiveCfg = Debug|Any CPU
		{FB1A0EF6-A0C4-4CA1-85EA-AF3643F1EFBC}.Debug|x86.Build.0 = Debug|Any CPU
		{FB1A0EF6-A0C4-4CA1-85EA-AF3643F1EFBC}.Release|Any CPU.ActiveCfg = Release|Any CPU
		{FB1A0EF6-A0C4-4CA1-85EA-AF3643F1EFBC}.Release|Any CPU.Build.0 = Release|Any CPU
		{FB1A0EF6-A0C4-4CA1-85EA-AF3643F1EFBC}.Release|x64.ActiveCfg = Release|Any CPU
		{FB1A0EF6-A0C4-4CA1-85EA-AF3643F1EFBC}.Release|x64.Build.0 = Release|Any CPU
		{FB1A0EF6-A0C4-4CA1-85EA-AF3643F1EFBC}.Release|x86.ActiveCfg = Release|Any CPU
		{FB1A0EF6-A0C4-4CA1-85EA-AF3643F1EFBC}.Release|x86.Build.0 = Release|Any CPU
	EndGlobalSection
	GlobalSection(SolutionProperties) = preSolution
		HideSolutionNode = FALSE
	EndGlobalSection
	GlobalSection(NestedProjects) = preSolution
		{9DCFE694-4694-4056-A34D-30027C53CAA2} = {909624E2-792C-45C4-8F19-FE59CADC046C}
		{FBFE4AC2-E7E3-4506-8A2E-630068A63586} = {909624E2-792C-45C4-8F19-FE59CADC046C}
		{4E1FCF8A-0E9F-47D5-9AC1-B9FE70394F20} = {909624E2-792C-45C4-8F19-FE59CADC046C}
		{2C244C11-C940-4A21-BAEF-7D1E18DFF67D} = {909624E2-792C-45C4-8F19-FE59CADC046C}
		{C01DE82F-97D6-4D89-8635-CDE10BD387B9} = {909624E2-792C-45C4-8F19-FE59CADC046C}
		{95CDDDBE-450F-4818-A299-D3327D82D16A} = {909624E2-792C-45C4-8F19-FE59CADC046C}
		{6182587B-E0F5-4B79-A2C0-7F6BD8541572} = {A1439FB4-D95D-4A82-A66F-B2AE4B15967D}
		{DAA8D57F-B164-410D-A969-9D24FC2CDC97} = {A1439FB4-D95D-4A82-A66F-B2AE4B15967D}
		{504468EB-C43F-410D-BD0C-DAC12EB6163B} = {909624E2-792C-45C4-8F19-FE59CADC046C}
		{276526C0-E73E-44A1-81A6-D40125FE6824} = {909624E2-792C-45C4-8F19-FE59CADC046C}
		{8D121C26-818E-4402-AE64-8DD1245979B2} = {909624E2-792C-45C4-8F19-FE59CADC046C}
		{FB1A0EF6-A0C4-4CA1-85EA-AF3643F1EFBC} = {909624E2-792C-45C4-8F19-FE59CADC046C}
	EndGlobalSection
	GlobalSection(ExtensibilityGlobals) = postSolution
		SolutionGuid = {AD6F6787-85F3-4C2B-952E-76A16DC27297}
	EndGlobalSection
EndGlobal
